
Microsoft Visual Studio Solution File, Format Version 12.00
# Visual Studio 15
VisualStudioVersion = 15.0.27703.2026
MinimumVisualStudioVersion = 10.0.40219.1
Project("{FAE04EC0-301F-11D3-BF4B-00C04F79EFBC}") = "MOJA_ZGRADA", "MOJA_ZGRADA\MOJA_ZGRADA.csproj", "{7BC04E2E-F525-4FA3-ABD5-39F83BE4004A}"
EndProject
Global
	GlobalSection(SolutionConfigurationPlatforms) = preSolution
		Debug|Any CPU = Debug|Any CPU
		Release|Any CPU = Release|Any CPU
	EndGlobalSection
	GlobalSection(ProjectConfigurationPlatforms) = postSolution
		{7BC04E2E-F525-4FA3-ABD5-39F83BE4004A}.Debug|Any CPU.ActiveCfg = Debug|Any CPU
		{7BC04E2E-F525-4FA3-ABD5-39F83BE4004A}.Debug|Any CPU.Build.0 = Debug|Any CPU
		{7BC04E2E-F525-4FA3-ABD5-39F83BE4004A}.Release|Any CPU.ActiveCfg = Release|Any CPU
		{7BC04E2E-F525-4FA3-ABD5-39F83BE4004A}.Release|Any CPU.Build.0 = Release|Any CPU
	EndGlobalSection
	GlobalSection(SolutionProperties) = preSolution
		HideSolutionNode = FALSE
	EndGlobalSection
	GlobalSection(ExtensibilityGlobals) = postSolution
		SolutionGuid = {EC37EA6F-3335-4EFE-B483-5C4FC892E2E1}
	EndGlobalSection
EndGlobal
